// !$*UTF8*$!
{
	archiveVersion = 1;
	classes = {
	};
	objectVersion = 55;
	objects = {

/* Begin PBXBuildFile section */
		7C0ADA6D2909079100206341 /* UltimateGradientView.swift in Sources */ = {isa = PBXBuildFile; fileRef = 7C0ADA6C2909079100206341 /* UltimateGradientView.swift */; };
		7C0ADA6F290910D600206341 /* CustomProgressView.swift in Sources */ = {isa = PBXBuildFile; fileRef = 7C0ADA6E290910D600206341 /* CustomProgressView.swift */; };
		7C0ADA71290A5E8600206341 /* Montserrat in Resources */ = {isa = PBXBuildFile; fileRef = 7C0ADA70290A5E8600206341 /* Montserrat */; };
		7C0ADA75290A668E00206341 /* Font+extension.swift in Sources */ = {isa = PBXBuildFile; fileRef = 7C0ADA74290A668E00206341 /* Font+extension.swift */; };
		7C0ADA78290C0EC600206341 /* Asset.swift in Sources */ = {isa = PBXBuildFile; fileRef = 7C0ADA77290C0EC600206341 /* Asset.swift */; };
		7C0ADA7A290C0F6A00206341 /* Gold.swift in Sources */ = {isa = PBXBuildFile; fileRef = 7C0ADA79290C0F6A00206341 /* Gold.swift */; };
		7C0ADA7C290C0FF200206341 /* Gold+GoldType.swift in Sources */ = {isa = PBXBuildFile; fileRef = 7C0ADA7B290C0FF200206341 /* Gold+GoldType.swift */; };
		7C0ADA7E290C10AE00206341 /* Gold+MeasurementUnit.swift in Sources */ = {isa = PBXBuildFile; fileRef = 7C0ADA7D290C10AE00206341 /* Gold+MeasurementUnit.swift */; };
		7C0ADA80290C127A00206341 /* Cash.swift in Sources */ = {isa = PBXBuildFile; fileRef = 7C0ADA7F290C127A00206341 /* Cash.swift */; };
		7C0ADA82290C17A300206341 /* ForeignCurrency.swift in Sources */ = {isa = PBXBuildFile; fileRef = 7C0ADA81290C17A300206341 /* ForeignCurrency.swift */; };
		7C0ADA84290C670800206341 /* Crypto.swift in Sources */ = {isa = PBXBuildFile; fileRef = 7C0ADA83290C670800206341 /* Crypto.swift */; };
		7C0ADA86290C678600206341 /* Crypto+CryptoCurrency.swift in Sources */ = {isa = PBXBuildFile; fileRef = 7C0ADA85290C678600206341 /* Crypto+CryptoCurrency.swift */; };
		7C0ADA89290C6A2B00206341 /* Award.swift in Sources */ = {isa = PBXBuildFile; fileRef = 7C0ADA88290C6A2B00206341 /* Award.swift */; };
		7C0ADA8B290C6AD400206341 /* AwardStatus.swift in Sources */ = {isa = PBXBuildFile; fileRef = 7C0ADA8A290C6AD400206341 /* AwardStatus.swift */; };
		7C0ADA8D290C6CDC00206341 /* Account.swift in Sources */ = {isa = PBXBuildFile; fileRef = 7C0ADA8C290C6CDC00206341 /* Account.swift */; };
		7C14CA1F28411D1E00D8E2BB /* JarModel.swift in Sources */ = {isa = PBXBuildFile; fileRef = 7C14CA1E28411D1E00D8E2BB /* JarModel.swift */; };
		7C1D099428AD16BF00C82211 /* AudioPlayer.swift in Sources */ = {isa = PBXBuildFile; fileRef = 7C1D099328AD16BF00C82211 /* AudioPlayer.swift */; };
		7C1D099728AD3F0F00C82211 /* coins-sound.wav in Resources */ = {isa = PBXBuildFile; fileRef = 7C1D099628AD3F0F00C82211 /* coins-sound.wav */; };
		7C1D099928ADE9D500C82211 /* coins-falling.wav in Resources */ = {isa = PBXBuildFile; fileRef = 7C1D099828ADE9D500C82211 /* coins-falling.wav */; };
		7C1D099B28AE9F0500C82211 /* TabBarView.swift in Sources */ = {isa = PBXBuildFile; fileRef = 7C1D099A28AE9F0500C82211 /* TabBarView.swift */; };
		7C1D099D28AEA01500C82211 /* AllAssetsView.swift in Sources */ = {isa = PBXBuildFile; fileRef = 7C1D099C28AEA01500C82211 /* AllAssetsView.swift */; };
		7C1D099F28AEA22F00C82211 /* SettingsView.swift in Sources */ = {isa = PBXBuildFile; fileRef = 7C1D099E28AEA22F00C82211 /* SettingsView.swift */; };
		7CA930EF28B6040F00C8286C /* PrimaryButtonStyle.swift in Sources */ = {isa = PBXBuildFile; fileRef = 7CA930EE28B6040F00C8286C /* PrimaryButtonStyle.swift */; };
		7CA930F128B6048100C8286C /* Color+extension.swift in Sources */ = {isa = PBXBuildFile; fileRef = 7CA930F028B6048100C8286C /* Color+extension.swift */; };
		7CA930F428B74B1300C8286C /* Subtitle.swift in Sources */ = {isa = PBXBuildFile; fileRef = 7CA930F328B74B1300C8286C /* Subtitle.swift */; };
		7CA930F628B7A12600C8286C /* JarShadow.swift in Sources */ = {isa = PBXBuildFile; fileRef = 7CA930F528B7A12600C8286C /* JarShadow.swift */; };
		7CA930F828B892FF00C8286C /* JarWithFlag.swift in Sources */ = {isa = PBXBuildFile; fileRef = 7CA930F728B892FF00C8286C /* JarWithFlag.swift */; };
		7CA930FA28B8A06400C8286C /* JumboMonospacedAmount.swift in Sources */ = {isa = PBXBuildFile; fileRef = 7CA930F928B8A06400C8286C /* JumboMonospacedAmount.swift */; };
		7CA930FC28B8F3D900C8286C /* JarWithCoinsView.swift in Sources */ = {isa = PBXBuildFile; fileRef = 7CA930FB28B8F3D900C8286C /* JarWithCoinsView.swift */; };
		7CA930FE28B8F5E200C8286C /* TextUnderButton.swift in Sources */ = {isa = PBXBuildFile; fileRef = 7CA930FD28B8F5E100C8286C /* TextUnderButton.swift */; };
		7CB0E81828CDD05900E87A6D /* SelectAssetTypeView.swift in Sources */ = {isa = PBXBuildFile; fileRef = 7CB0E81728CDD05900E87A6D /* SelectAssetTypeView.swift */; };
		7CBAF31B288E67F200BD8BC9 /* MoneyJarTests.swift in Sources */ = {isa = PBXBuildFile; fileRef = 7CBAF31A288E67F200BD8BC9 /* MoneyJarTests.swift */; };
		7CBAF327288E7CE300BD8BC9 /* ConfigureJarViewModel.swift in Sources */ = {isa = PBXBuildFile; fileRef = 7CBAF326288E7CE300BD8BC9 /* ConfigureJarViewModel.swift */; };
		7CBAF328288E7CE300BD8BC9 /* ConfigureJarViewModel.swift in Sources */ = {isa = PBXBuildFile; fileRef = 7CBAF326288E7CE300BD8BC9 /* ConfigureJarViewModel.swift */; };
		7CBAF329288EE38A00BD8BC9 /* JarModel.swift in Sources */ = {isa = PBXBuildFile; fileRef = 7C14CA1E28411D1E00D8E2BB /* JarModel.swift */; };
		7CBAF32A288EE3BC00BD8BC9 /* Double+extension.swift in Sources */ = {isa = PBXBuildFile; fileRef = 7CEF6C212861E22C0013EA3D /* Double+extension.swift */; };
		7CBAF32D288EE86000BD8BC9 /* ConfigureJarTests.swift in Sources */ = {isa = PBXBuildFile; fileRef = 7CBAF32B288EE86000BD8BC9 /* ConfigureJarTests.swift */; };
		7CBAF332289037C900BD8BC9 /* CurrencyConverter.swift in Sources */ = {isa = PBXBuildFile; fileRef = 7CBAF331289037C900BD8BC9 /* CurrencyConverter.swift */; };
		7CBAF333289037CA00BD8BC9 /* CurrencyConverter.swift in Sources */ = {isa = PBXBuildFile; fileRef = 7CBAF331289037C900BD8BC9 /* CurrencyConverter.swift */; };
		7CBAF3352890856500BD8BC9 /* CurrencyConverterTests.swift in Sources */ = {isa = PBXBuildFile; fileRef = 7CBAF3342890856400BD8BC9 /* CurrencyConverterTests.swift */; };
		7CBAF336289110E200BD8BC9 /* Model.swift in Sources */ = {isa = PBXBuildFile; fileRef = 7CDA98F6285B622600EDCF42 /* Model.swift */; };
		7CBAF3372891126500BD8BC9 /* StorageController.swift in Sources */ = {isa = PBXBuildFile; fileRef = 7CDA98F4285B4FFD00EDCF42 /* StorageController.swift */; };
		7CBAF3382891126900BD8BC9 /* ExchangeClient.swift in Sources */ = {isa = PBXBuildFile; fileRef = 7CEF6C252863971D0013EA3D /* ExchangeClient.swift */; };
		7CBAF3392891129800BD8BC9 /* ForeignExchange.swift in Sources */ = {isa = PBXBuildFile; fileRef = 7CEF6C28286470340013EA3D /* ForeignExchange.swift */; };
		7CBAF33B2891798C00BD8BC9 /* SetAmountViewModel.swift in Sources */ = {isa = PBXBuildFile; fileRef = 7CBAF33A2891798C00BD8BC9 /* SetAmountViewModel.swift */; };
		7CBAF33C2891798C00BD8BC9 /* SetAmountViewModel.swift in Sources */ = {isa = PBXBuildFile; fileRef = 7CBAF33A2891798C00BD8BC9 /* SetAmountViewModel.swift */; };
		7CBAF33F28965F9300BD8BC9 /* AmountLine.swift in Sources */ = {isa = PBXBuildFile; fileRef = 7CBAF33E28965F9300BD8BC9 /* AmountLine.swift */; };
		7CBAF34028965F9300BD8BC9 /* AmountLine.swift in Sources */ = {isa = PBXBuildFile; fileRef = 7CBAF33E28965F9300BD8BC9 /* AmountLine.swift */; };
		7CBAF3462896DEAF00BD8BC9 /* LegacyTextField.swift in Sources */ = {isa = PBXBuildFile; fileRef = 7CDA9902285F1BBE00EDCF42 /* LegacyTextField.swift */; };
		7CBAF3472896DEB900BD8BC9 /* NumberPadView.swift in Sources */ = {isa = PBXBuildFile; fileRef = 7CEF6C3E286B4DDE0013EA3D /* NumberPadView.swift */; };
		7CBAF34E2897AB1600BD8BC9 /* ModelTests.swift in Sources */ = {isa = PBXBuildFile; fileRef = 7CBAF34D2897AB1500BD8BC9 /* ModelTests.swift */; };
		7CBAF3502898008700BD8BC9 /* MockStorageController.swift in Sources */ = {isa = PBXBuildFile; fileRef = 7CBAF34F2898008700BD8BC9 /* MockStorageController.swift */; };
		7CBAF3512898008700BD8BC9 /* MockStorageController.swift in Sources */ = {isa = PBXBuildFile; fileRef = 7CBAF34F2898008700BD8BC9 /* MockStorageController.swift */; };
		7CBAF3532898039700BD8BC9 /* MockExchangeClient.swift in Sources */ = {isa = PBXBuildFile; fileRef = 7CBAF3522898039700BD8BC9 /* MockExchangeClient.swift */; };
		7CBAF3542898039700BD8BC9 /* MockExchangeClient.swift in Sources */ = {isa = PBXBuildFile; fileRef = 7CBAF3522898039700BD8BC9 /* MockExchangeClient.swift */; };
		7CBAF35728987DDD00BD8BC9 /* StorageControllerProtocol.swift in Sources */ = {isa = PBXBuildFile; fileRef = 7CBAF35628987DDD00BD8BC9 /* StorageControllerProtocol.swift */; };
		7CBAF35828987DDE00BD8BC9 /* StorageControllerProtocol.swift in Sources */ = {isa = PBXBuildFile; fileRef = 7CBAF35628987DDD00BD8BC9 /* StorageControllerProtocol.swift */; };
		7CBAF35A28987E1300BD8BC9 /* ExchangeClientProtocol.swift in Sources */ = {isa = PBXBuildFile; fileRef = 7CBAF35928987E1300BD8BC9 /* ExchangeClientProtocol.swift */; };
		7CBAF35B28987E1300BD8BC9 /* ExchangeClientProtocol.swift in Sources */ = {isa = PBXBuildFile; fileRef = 7CBAF35928987E1300BD8BC9 /* ExchangeClientProtocol.swift */; };
		7CBDCE1B29017DB500D858DA /* ChangeAmountView.swift in Sources */ = {isa = PBXBuildFile; fileRef = 7CBDCE1A29017DB500D858DA /* ChangeAmountView.swift */; };
		7CBDCE1D2901C33E00D858DA /* SettingsChangeResultView.swift in Sources */ = {isa = PBXBuildFile; fileRef = 7CBDCE1C2901C33E00D858DA /* SettingsChangeResultView.swift */; };
		7CBDCE1F29050D3400D858DA /* MailView.swift in Sources */ = {isa = PBXBuildFile; fileRef = 7CBDCE1E29050D3400D858DA /* MailView.swift */; };
		7CBDCE212906F09A00D858DA /* CreditsView.swift in Sources */ = {isa = PBXBuildFile; fileRef = 7CBDCE202906F09A00D858DA /* CreditsView.swift */; };
		7CBDCE232906F2C500D858DA /* Bundle+extension.swift in Sources */ = {isa = PBXBuildFile; fileRef = 7CBDCE222906F2C500D858DA /* Bundle+extension.swift */; };
		7CC1EB63287496300022139C /* AddGoldView2.swift in Sources */ = {isa = PBXBuildFile; fileRef = 7CC1EB62287496300022139C /* AddGoldView2.swift */; };
		7CC684D228CA34A60067E26F /* SegmentedPickerGoldMeasurementUnits.swift in Sources */ = {isa = PBXBuildFile; fileRef = 7CC684D128CA34A60067E26F /* SegmentedPickerGoldMeasurementUnits.swift */; };
		7CC684D428CA3C610067E26F /* SegmentedPickerGoldType.swift in Sources */ = {isa = PBXBuildFile; fileRef = 7CC684D328CA3C610067E26F /* SegmentedPickerGoldType.swift */; };
		7CC751E628C2793800DBAF62 /* NSAttributedString+extension.swift in Sources */ = {isa = PBXBuildFile; fileRef = 7CC751E528C2793700DBAF62 /* NSAttributedString+extension.swift */; };
		7CC751EC28C6534600DBAF62 /* String+extension.swift in Sources */ = {isa = PBXBuildFile; fileRef = 7CC751EB28C6534600DBAF62 /* String+extension.swift */; };
		7CC751F028C74C5200DBAF62 /* PortfolioView.swift in Sources */ = {isa = PBXBuildFile; fileRef = 7CC751EF28C74C5200DBAF62 /* PortfolioView.swift */; };
		7CC8FB0428E8A9210032FF3E /* Awards.json in Resources */ = {isa = PBXBuildFile; fileRef = 7CC8FB0328E8A9210032FF3E /* Awards.json */; };
		7CC8FB0628EB254C0032FF3E /* AwardDetails.swift in Sources */ = {isa = PBXBuildFile; fileRef = 7CC8FB0528EB254C0032FF3E /* AwardDetails.swift */; };
		7CC8FB0828EB7E520032FF3E /* AwardsView.swift in Sources */ = {isa = PBXBuildFile; fileRef = 7CC8FB0728EB7E520032FF3E /* AwardsView.swift */; };
		7CC8FB0A28EC54D50032FF3E /* upward_confirmation.wav in Resources */ = {isa = PBXBuildFile; fileRef = 7CC8FB0928EC54D50032FF3E /* upward_confirmation.wav */; };
		7CC8FB0C28ED554D0032FF3E /* AwardUnlockedSheet.swift in Sources */ = {isa = PBXBuildFile; fileRef = 7CC8FB0B28ED554D0032FF3E /* AwardUnlockedSheet.swift */; };
		7CDA98E3285478E300EDCF42 /* CustomCorner.swift in Sources */ = {isa = PBXBuildFile; fileRef = 7CDA98E2285478E300EDCF42 /* CustomCorner.swift */; };
		7CDA98F5285B4FFD00EDCF42 /* StorageController.swift in Sources */ = {isa = PBXBuildFile; fileRef = 7CDA98F4285B4FFD00EDCF42 /* StorageController.swift */; };
		7CDA98F7285B622600EDCF42 /* Model.swift in Sources */ = {isa = PBXBuildFile; fileRef = 7CDA98F6285B622600EDCF42 /* Model.swift */; };
		7CDA98FF285E6C8300EDCF42 /* WelcomeToJar.swift in Sources */ = {isa = PBXBuildFile; fileRef = 7CDA98FE285E6C8300EDCF42 /* WelcomeToJar.swift */; };
		7CDA9901285E774500EDCF42 /* ConfigureJar.swift in Sources */ = {isa = PBXBuildFile; fileRef = 7CDA9900285E774400EDCF42 /* ConfigureJar.swift */; };
		7CDA9903285F1BBF00EDCF42 /* LegacyTextField.swift in Sources */ = {isa = PBXBuildFile; fileRef = 7CDA9902285F1BBE00EDCF42 /* LegacyTextField.swift */; };
		7CDDF61028ED7C4B00A4B706 /* AwardsManager.swift in Sources */ = {isa = PBXBuildFile; fileRef = 7CDDF60F28ED7C4B00A4B706 /* AwardsManager.swift */; };
		7CDDF61228EF0C1E00A4B706 /* Launch Screen.storyboard in Resources */ = {isa = PBXBuildFile; fileRef = 7CDDF61128EF0C1E00A4B706 /* Launch Screen.storyboard */; };
		7CDDF61428EFFB8F00A4B706 /* RollingCounterAnimation.swift in Sources */ = {isa = PBXBuildFile; fileRef = 7CDDF61328EFFB8F00A4B706 /* RollingCounterAnimation.swift */; };
		7CDDF61628F1498B00A4B706 /* ChangeJarNameView.swift in Sources */ = {isa = PBXBuildFile; fileRef = 7CDDF61528F1498B00A4B706 /* ChangeJarNameView.swift */; };
		7CDDF61828F4258500A4B706 /* SettingsStore.swift in Sources */ = {isa = PBXBuildFile; fileRef = 7CDDF61728F4258500A4B706 /* SettingsStore.swift */; };
		7CEA503328AF76D400D33C45 /* TransactionListItem.swift in Sources */ = {isa = PBXBuildFile; fileRef = 7CEA503228AF76D400D33C45 /* TransactionListItem.swift */; };
		7CEA503528AFC7AB00D33C45 /* Date+extension.swift in Sources */ = {isa = PBXBuildFile; fileRef = 7CEA503428AFC7AB00D33C45 /* Date+extension.swift */; };
		7CEA503728B0AFDE00D33C45 /* EmptyAssetsView.swift in Sources */ = {isa = PBXBuildFile; fileRef = 7CEA503628B0AFDE00D33C45 /* EmptyAssetsView.swift */; };
		7CEA503F28B26BFB00D33C45 /* MultiProgressView.swift in Sources */ = {isa = PBXBuildFile; fileRef = 7CEA503E28B26BFB00D33C45 /* MultiProgressView.swift */; };
		7CEC2A4D283547F5007A1897 /* JarTestApp.swift in Sources */ = {isa = PBXBuildFile; fileRef = 7CEC2A4C283547F5007A1897 /* JarTestApp.swift */; };
		7CEC2A4F283547F5007A1897 /* HomeView.swift in Sources */ = {isa = PBXBuildFile; fileRef = 7CEC2A4E283547F5007A1897 /* HomeView.swift */; };
		7CEC2A51283547F7007A1897 /* Assets.xcassets in Resources */ = {isa = PBXBuildFile; fileRef = 7CEC2A50283547F7007A1897 /* Assets.xcassets */; };
		7CEC2A54283547F7007A1897 /* Preview Assets.xcassets in Resources */ = {isa = PBXBuildFile; fileRef = 7CEC2A53283547F7007A1897 /* Preview Assets.xcassets */; };
		7CEC2A6028365CDA007A1897 /* SwiftUIPager in Frameworks */ = {isa = PBXBuildFile; productRef = 7CEC2A5F28365CDA007A1897 /* SwiftUIPager */; };
		7CEF02BE285F3F7D0009A82E /* SetAmount.swift in Sources */ = {isa = PBXBuildFile; fileRef = 7CEF02BD285F3F7D0009A82E /* SetAmount.swift */; };
		7CEF6C222861E22C0013EA3D /* Double+extension.swift in Sources */ = {isa = PBXBuildFile; fileRef = 7CEF6C212861E22C0013EA3D /* Double+extension.swift */; };
		7CEF6C262863971D0013EA3D /* ExchangeClient.swift in Sources */ = {isa = PBXBuildFile; fileRef = 7CEF6C252863971D0013EA3D /* ExchangeClient.swift */; };
		7CEF6C29286470340013EA3D /* ForeignExchange.swift in Sources */ = {isa = PBXBuildFile; fileRef = 7CEF6C28286470340013EA3D /* ForeignExchange.swift */; };
		7CEF6C37286712010013EA3D /* Currency.swift in Sources */ = {isa = PBXBuildFile; fileRef = 7CEF6C36286712010013EA3D /* Currency.swift */; };
		7CEF6C3D2868637F0013EA3D /* AddResultView.swift in Sources */ = {isa = PBXBuildFile; fileRef = 7CEF6C3C2868637F0013EA3D /* AddResultView.swift */; };
		7CEF6C3F286B4DDE0013EA3D /* NumberPadView.swift in Sources */ = {isa = PBXBuildFile; fileRef = 7CEF6C3E286B4DDE0013EA3D /* NumberPadView.swift */; };
		7CEF6C41286B65230013EA3D /* AddBitCoinView.swift in Sources */ = {isa = PBXBuildFile; fileRef = 7CEF6C40286B65230013EA3D /* AddBitCoinView.swift */; };
		7CEF6C43286C23C30013EA3D /* AddCashView3.swift in Sources */ = {isa = PBXBuildFile; fileRef = 7CEF6C42286C23C30013EA3D /* AddCashView3.swift */; };
		7CF8ED0328FA93DC00D688A0 /* BackgroundView.swift in Sources */ = {isa = PBXBuildFile; fileRef = 7CF8ED0228FA93DC00D688A0 /* BackgroundView.swift */; };
		7CFB99E028DE4B6B0049EA78 /* AddAssetView.swift in Sources */ = {isa = PBXBuildFile; fileRef = 7CFB99DF28DE4B6B0049EA78 /* AddAssetView.swift */; };
		7CFB9A0728E5E3A10049EA78 /* jarCreated.wav in Resources */ = {isa = PBXBuildFile; fileRef = 7CFB9A0628E5E3A00049EA78 /* jarCreated.wav */; };
		7CFB9A0928E5E6A30049EA78 /* success.wav in Resources */ = {isa = PBXBuildFile; fileRef = 7CFB9A0828E5E6A30049EA78 /* success.wav */; };
		7CFB9A0C28E6C49E0049EA78 /* Subsonic in Frameworks */ = {isa = PBXBuildFile; productRef = 7CFB9A0B28E6C49E0049EA78 /* Subsonic */; };
		7CFDDB8028FFF979000A22E7 /* SelectBaseCurrency.swift in Sources */ = {isa = PBXBuildFile; fileRef = 7CFDDB7F28FFF979000A22E7 /* SelectBaseCurrency.swift */; };
/* End PBXBuildFile section */

/* Begin PBXContainerItemProxy section */
		7CBAF31C288E67F200BD8BC9 /* PBXContainerItemProxy */ = {
			isa = PBXContainerItemProxy;
			containerPortal = 7CEC2A41283547F5007A1897 /* Project object */;
			proxyType = 1;
			remoteGlobalIDString = 7CEC2A48283547F5007A1897;
			remoteInfo = JarTest;
		};
/* End PBXContainerItemProxy section */

/* Begin PBXFileReference section */
		7C0ADA6C2909079100206341 /* UltimateGradientView.swift */ = {isa = PBXFileReference; lastKnownFileType = sourcecode.swift; path = UltimateGradientView.swift; sourceTree = "<group>"; };
		7C0ADA6E290910D600206341 /* CustomProgressView.swift */ = {isa = PBXFileReference; lastKnownFileType = sourcecode.swift; path = CustomProgressView.swift; sourceTree = "<group>"; };
		7C0ADA70290A5E8600206341 /* Montserrat */ = {isa = PBXFileReference; lastKnownFileType = folder; path = Montserrat; sourceTree = "<group>"; };
		7C0ADA74290A668E00206341 /* Font+extension.swift */ = {isa = PBXFileReference; lastKnownFileType = sourcecode.swift; path = "Font+extension.swift"; sourceTree = "<group>"; };
		7C0ADA77290C0EC600206341 /* Asset.swift */ = {isa = PBXFileReference; lastKnownFileType = sourcecode.swift; path = Asset.swift; sourceTree = "<group>"; };
		7C0ADA79290C0F6A00206341 /* Gold.swift */ = {isa = PBXFileReference; lastKnownFileType = sourcecode.swift; path = Gold.swift; sourceTree = "<group>"; };
		7C0ADA7B290C0FF200206341 /* Gold+GoldType.swift */ = {isa = PBXFileReference; lastKnownFileType = sourcecode.swift; path = "Gold+GoldType.swift"; sourceTree = "<group>"; };
		7C0ADA7D290C10AE00206341 /* Gold+MeasurementUnit.swift */ = {isa = PBXFileReference; lastKnownFileType = sourcecode.swift; path = "Gold+MeasurementUnit.swift"; sourceTree = "<group>"; };
		7C0ADA7F290C127A00206341 /* Cash.swift */ = {isa = PBXFileReference; lastKnownFileType = sourcecode.swift; path = Cash.swift; sourceTree = "<group>"; };
		7C0ADA81290C17A300206341 /* ForeignCurrency.swift */ = {isa = PBXFileReference; lastKnownFileType = sourcecode.swift; path = ForeignCurrency.swift; sourceTree = "<group>"; };
		7C0ADA83290C670800206341 /* Crypto.swift */ = {isa = PBXFileReference; lastKnownFileType = sourcecode.swift; path = Crypto.swift; sourceTree = "<group>"; };
		7C0ADA85290C678600206341 /* Crypto+CryptoCurrency.swift */ = {isa = PBXFileReference; lastKnownFileType = sourcecode.swift; path = "Crypto+CryptoCurrency.swift"; sourceTree = "<group>"; };
		7C0ADA88290C6A2B00206341 /* Award.swift */ = {isa = PBXFileReference; lastKnownFileType = sourcecode.swift; path = Award.swift; sourceTree = "<group>"; };
		7C0ADA8A290C6AD400206341 /* AwardStatus.swift */ = {isa = PBXFileReference; lastKnownFileType = sourcecode.swift; path = AwardStatus.swift; sourceTree = "<group>"; };
		7C0ADA8C290C6CDC00206341 /* Account.swift */ = {isa = PBXFileReference; lastKnownFileType = sourcecode.swift; path = Account.swift; sourceTree = "<group>"; };
		7C14CA1E28411D1E00D8E2BB /* JarModel.swift */ = {isa = PBXFileReference; lastKnownFileType = sourcecode.swift; path = JarModel.swift; sourceTree = "<group>"; };
		7C1D099328AD16BF00C82211 /* AudioPlayer.swift */ = {isa = PBXFileReference; lastKnownFileType = sourcecode.swift; path = AudioPlayer.swift; sourceTree = "<group>"; };
		7C1D099628AD3F0F00C82211 /* coins-sound.wav */ = {isa = PBXFileReference; lastKnownFileType = audio.wav; name = "coins-sound.wav"; path = "../../../../../Downloads/coins-sound.wav"; sourceTree = "<group>"; };
		7C1D099828ADE9D500C82211 /* coins-falling.wav */ = {isa = PBXFileReference; lastKnownFileType = audio.wav; name = "coins-falling.wav"; path = "../../../../../Downloads/coins-falling.wav"; sourceTree = "<group>"; };
		7C1D099A28AE9F0500C82211 /* TabBarView.swift */ = {isa = PBXFileReference; lastKnownFileType = sourcecode.swift; path = TabBarView.swift; sourceTree = "<group>"; };
		7C1D099C28AEA01500C82211 /* AllAssetsView.swift */ = {isa = PBXFileReference; lastKnownFileType = sourcecode.swift; path = AllAssetsView.swift; sourceTree = "<group>"; };
		7C1D099E28AEA22F00C82211 /* SettingsView.swift */ = {isa = PBXFileReference; lastKnownFileType = sourcecode.swift; path = SettingsView.swift; sourceTree = "<group>"; };
		7CA930EE28B6040F00C8286C /* PrimaryButtonStyle.swift */ = {isa = PBXFileReference; lastKnownFileType = sourcecode.swift; path = PrimaryButtonStyle.swift; sourceTree = "<group>"; };
		7CA930F028B6048100C8286C /* Color+extension.swift */ = {isa = PBXFileReference; lastKnownFileType = sourcecode.swift; path = "Color+extension.swift"; sourceTree = "<group>"; };
		7CA930F328B74B1300C8286C /* Subtitle.swift */ = {isa = PBXFileReference; lastKnownFileType = sourcecode.swift; path = Subtitle.swift; sourceTree = "<group>"; };
		7CA930F528B7A12600C8286C /* JarShadow.swift */ = {isa = PBXFileReference; lastKnownFileType = sourcecode.swift; path = JarShadow.swift; sourceTree = "<group>"; };
		7CA930F728B892FF00C8286C /* JarWithFlag.swift */ = {isa = PBXFileReference; lastKnownFileType = sourcecode.swift; path = JarWithFlag.swift; sourceTree = "<group>"; };
		7CA930F928B8A06400C8286C /* JumboMonospacedAmount.swift */ = {isa = PBXFileReference; lastKnownFileType = sourcecode.swift; path = JumboMonospacedAmount.swift; sourceTree = "<group>"; };
		7CA930FB28B8F3D900C8286C /* JarWithCoinsView.swift */ = {isa = PBXFileReference; lastKnownFileType = sourcecode.swift; path = JarWithCoinsView.swift; sourceTree = "<group>"; };
		7CA930FD28B8F5E100C8286C /* TextUnderButton.swift */ = {isa = PBXFileReference; lastKnownFileType = sourcecode.swift; path = TextUnderButton.swift; sourceTree = "<group>"; };
		7CB0E81728CDD05900E87A6D /* SelectAssetTypeView.swift */ = {isa = PBXFileReference; lastKnownFileType = sourcecode.swift; path = SelectAssetTypeView.swift; sourceTree = "<group>"; };
		7CBAF318288E67F200BD8BC9 /* MoneyJarTests.xctest */ = {isa = PBXFileReference; explicitFileType = wrapper.cfbundle; includeInIndex = 0; path = MoneyJarTests.xctest; sourceTree = BUILT_PRODUCTS_DIR; };
		7CBAF31A288E67F200BD8BC9 /* MoneyJarTests.swift */ = {isa = PBXFileReference; lastKnownFileType = sourcecode.swift; path = MoneyJarTests.swift; sourceTree = "<group>"; };
		7CBAF326288E7CE300BD8BC9 /* ConfigureJarViewModel.swift */ = {isa = PBXFileReference; lastKnownFileType = sourcecode.swift; path = ConfigureJarViewModel.swift; sourceTree = "<group>"; };
		7CBAF32B288EE86000BD8BC9 /* ConfigureJarTests.swift */ = {isa = PBXFileReference; lastKnownFileType = sourcecode.swift; path = ConfigureJarTests.swift; sourceTree = "<group>"; };
		7CBAF331289037C900BD8BC9 /* CurrencyConverter.swift */ = {isa = PBXFileReference; lastKnownFileType = sourcecode.swift; path = CurrencyConverter.swift; sourceTree = "<group>"; };
		7CBAF3342890856400BD8BC9 /* CurrencyConverterTests.swift */ = {isa = PBXFileReference; lastKnownFileType = sourcecode.swift; path = CurrencyConverterTests.swift; sourceTree = "<group>"; };
		7CBAF33A2891798C00BD8BC9 /* SetAmountViewModel.swift */ = {isa = PBXFileReference; lastKnownFileType = sourcecode.swift; path = SetAmountViewModel.swift; sourceTree = "<group>"; };
		7CBAF33E28965F9300BD8BC9 /* AmountLine.swift */ = {isa = PBXFileReference; lastKnownFileType = sourcecode.swift; path = AmountLine.swift; sourceTree = "<group>"; };
		7CBAF34D2897AB1500BD8BC9 /* ModelTests.swift */ = {isa = PBXFileReference; lastKnownFileType = sourcecode.swift; path = ModelTests.swift; sourceTree = "<group>"; };
		7CBAF34F2898008700BD8BC9 /* MockStorageController.swift */ = {isa = PBXFileReference; lastKnownFileType = sourcecode.swift; path = MockStorageController.swift; sourceTree = "<group>"; };
		7CBAF3522898039700BD8BC9 /* MockExchangeClient.swift */ = {isa = PBXFileReference; lastKnownFileType = sourcecode.swift; path = MockExchangeClient.swift; sourceTree = "<group>"; };
		7CBAF35628987DDD00BD8BC9 /* StorageControllerProtocol.swift */ = {isa = PBXFileReference; lastKnownFileType = sourcecode.swift; path = StorageControllerProtocol.swift; sourceTree = "<group>"; };
		7CBAF35928987E1300BD8BC9 /* ExchangeClientProtocol.swift */ = {isa = PBXFileReference; lastKnownFileType = sourcecode.swift; path = ExchangeClientProtocol.swift; sourceTree = "<group>"; };
		7CBDCE1A29017DB500D858DA /* ChangeAmountView.swift */ = {isa = PBXFileReference; lastKnownFileType = sourcecode.swift; path = ChangeAmountView.swift; sourceTree = "<group>"; };
		7CBDCE1C2901C33E00D858DA /* SettingsChangeResultView.swift */ = {isa = PBXFileReference; lastKnownFileType = sourcecode.swift; path = SettingsChangeResultView.swift; sourceTree = "<group>"; };
		7CBDCE1E29050D3400D858DA /* MailView.swift */ = {isa = PBXFileReference; lastKnownFileType = sourcecode.swift; path = MailView.swift; sourceTree = "<group>"; };
		7CBDCE202906F09A00D858DA /* CreditsView.swift */ = {isa = PBXFileReference; lastKnownFileType = sourcecode.swift; path = CreditsView.swift; sourceTree = "<group>"; };
		7CBDCE222906F2C500D858DA /* Bundle+extension.swift */ = {isa = PBXFileReference; lastKnownFileType = sourcecode.swift; path = "Bundle+extension.swift"; sourceTree = "<group>"; };
		7CC1EB62287496300022139C /* AddGoldView2.swift */ = {isa = PBXFileReference; lastKnownFileType = sourcecode.swift; path = AddGoldView2.swift; sourceTree = "<group>"; };
		7CC684D128CA34A60067E26F /* SegmentedPickerGoldMeasurementUnits.swift */ = {isa = PBXFileReference; lastKnownFileType = sourcecode.swift; path = SegmentedPickerGoldMeasurementUnits.swift; sourceTree = "<group>"; };
		7CC684D328CA3C610067E26F /* SegmentedPickerGoldType.swift */ = {isa = PBXFileReference; lastKnownFileType = sourcecode.swift; path = SegmentedPickerGoldType.swift; sourceTree = "<group>"; };
		7CC751E528C2793700DBAF62 /* NSAttributedString+extension.swift */ = {isa = PBXFileReference; lastKnownFileType = sourcecode.swift; path = "NSAttributedString+extension.swift"; sourceTree = "<group>"; };
		7CC751EB28C6534600DBAF62 /* String+extension.swift */ = {isa = PBXFileReference; lastKnownFileType = sourcecode.swift; path = "String+extension.swift"; sourceTree = "<group>"; };
		7CC751EF28C74C5200DBAF62 /* PortfolioView.swift */ = {isa = PBXFileReference; lastKnownFileType = sourcecode.swift; path = PortfolioView.swift; sourceTree = "<group>"; };
		7CC8FB0328E8A9210032FF3E /* Awards.json */ = {isa = PBXFileReference; fileEncoding = 4; lastKnownFileType = text.json; path = Awards.json; sourceTree = "<group>"; };
		7CC8FB0528EB254C0032FF3E /* AwardDetails.swift */ = {isa = PBXFileReference; lastKnownFileType = sourcecode.swift; path = AwardDetails.swift; sourceTree = "<group>"; };
		7CC8FB0728EB7E520032FF3E /* AwardsView.swift */ = {isa = PBXFileReference; lastKnownFileType = sourcecode.swift; path = AwardsView.swift; sourceTree = "<group>"; };
		7CC8FB0928EC54D50032FF3E /* upward_confirmation.wav */ = {isa = PBXFileReference; lastKnownFileType = audio.wav; path = upward_confirmation.wav; sourceTree = "<group>"; };
		7CC8FB0B28ED554D0032FF3E /* AwardUnlockedSheet.swift */ = {isa = PBXFileReference; lastKnownFileType = sourcecode.swift; path = AwardUnlockedSheet.swift; sourceTree = "<group>"; };
		7CDA98E2285478E300EDCF42 /* CustomCorner.swift */ = {isa = PBXFileReference; lastKnownFileType = sourcecode.swift; path = CustomCorner.swift; sourceTree = "<group>"; };
		7CDA98F4285B4FFD00EDCF42 /* StorageController.swift */ = {isa = PBXFileReference; lastKnownFileType = sourcecode.swift; path = StorageController.swift; sourceTree = "<group>"; };
		7CDA98F6285B622600EDCF42 /* Model.swift */ = {isa = PBXFileReference; lastKnownFileType = sourcecode.swift; path = Model.swift; sourceTree = "<group>"; };
		7CDA98FE285E6C8300EDCF42 /* WelcomeToJar.swift */ = {isa = PBXFileReference; lastKnownFileType = sourcecode.swift; path = WelcomeToJar.swift; sourceTree = "<group>"; };
		7CDA9900285E774400EDCF42 /* ConfigureJar.swift */ = {isa = PBXFileReference; lastKnownFileType = sourcecode.swift; path = ConfigureJar.swift; sourceTree = "<group>"; };
		7CDA9902285F1BBE00EDCF42 /* LegacyTextField.swift */ = {isa = PBXFileReference; lastKnownFileType = sourcecode.swift; path = LegacyTextField.swift; sourceTree = "<group>"; };
		7CDDF60F28ED7C4B00A4B706 /* AwardsManager.swift */ = {isa = PBXFileReference; lastKnownFileType = sourcecode.swift; path = AwardsManager.swift; sourceTree = "<group>"; };
		7CDDF61128EF0C1E00A4B706 /* Launch Screen.storyboard */ = {isa = PBXFileReference; lastKnownFileType = file.storyboard; path = "Launch Screen.storyboard"; sourceTree = "<group>"; };
		7CDDF61328EFFB8F00A4B706 /* RollingCounterAnimation.swift */ = {isa = PBXFileReference; lastKnownFileType = sourcecode.swift; path = RollingCounterAnimation.swift; sourceTree = "<group>"; };
		7CDDF61528F1498B00A4B706 /* ChangeJarNameView.swift */ = {isa = PBXFileReference; lastKnownFileType = sourcecode.swift; path = ChangeJarNameView.swift; sourceTree = "<group>"; };
		7CDDF61728F4258500A4B706 /* SettingsStore.swift */ = {isa = PBXFileReference; lastKnownFileType = sourcecode.swift; path = SettingsStore.swift; sourceTree = "<group>"; };
		7CEA503228AF76D400D33C45 /* TransactionListItem.swift */ = {isa = PBXFileReference; lastKnownFileType = sourcecode.swift; path = TransactionListItem.swift; sourceTree = "<group>"; };
		7CEA503428AFC7AB00D33C45 /* Date+extension.swift */ = {isa = PBXFileReference; lastKnownFileType = sourcecode.swift; path = "Date+extension.swift"; sourceTree = "<group>"; };
		7CEA503628B0AFDE00D33C45 /* EmptyAssetsView.swift */ = {isa = PBXFileReference; lastKnownFileType = sourcecode.swift; path = EmptyAssetsView.swift; sourceTree = "<group>"; };
		7CEA503E28B26BFB00D33C45 /* MultiProgressView.swift */ = {isa = PBXFileReference; lastKnownFileType = sourcecode.swift; path = MultiProgressView.swift; sourceTree = "<group>"; };
		7CEC2A49283547F5007A1897 /* JarTest.app */ = {isa = PBXFileReference; explicitFileType = wrapper.application; includeInIndex = 0; path = JarTest.app; sourceTree = BUILT_PRODUCTS_DIR; };
		7CEC2A4C283547F5007A1897 /* JarTestApp.swift */ = {isa = PBXFileReference; lastKnownFileType = sourcecode.swift; path = JarTestApp.swift; sourceTree = "<group>"; };
		7CEC2A4E283547F5007A1897 /* HomeView.swift */ = {isa = PBXFileReference; lastKnownFileType = sourcecode.swift; path = HomeView.swift; sourceTree = "<group>"; };
		7CEC2A50283547F7007A1897 /* Assets.xcassets */ = {isa = PBXFileReference; lastKnownFileType = folder.assetcatalog; path = Assets.xcassets; sourceTree = "<group>"; };
		7CEC2A53283547F7007A1897 /* Preview Assets.xcassets */ = {isa = PBXFileReference; lastKnownFileType = folder.assetcatalog; path = "Preview Assets.xcassets"; sourceTree = "<group>"; };
		7CEF02BD285F3F7D0009A82E /* SetAmount.swift */ = {isa = PBXFileReference; lastKnownFileType = sourcecode.swift; path = SetAmount.swift; sourceTree = "<group>"; };
		7CEF6C212861E22C0013EA3D /* Double+extension.swift */ = {isa = PBXFileReference; lastKnownFileType = sourcecode.swift; path = "Double+extension.swift"; sourceTree = "<group>"; };
		7CEF6C252863971D0013EA3D /* ExchangeClient.swift */ = {isa = PBXFileReference; lastKnownFileType = sourcecode.swift; path = ExchangeClient.swift; sourceTree = "<group>"; };
		7CEF6C28286470340013EA3D /* ForeignExchange.swift */ = {isa = PBXFileReference; lastKnownFileType = sourcecode.swift; path = ForeignExchange.swift; sourceTree = "<group>"; };
		7CEF6C36286712010013EA3D /* Currency.swift */ = {isa = PBXFileReference; lastKnownFileType = sourcecode.swift; path = Currency.swift; sourceTree = "<group>"; };
		7CEF6C3C2868637F0013EA3D /* AddResultView.swift */ = {isa = PBXFileReference; lastKnownFileType = sourcecode.swift; path = AddResultView.swift; sourceTree = "<group>"; };
		7CEF6C3E286B4DDE0013EA3D /* NumberPadView.swift */ = {isa = PBXFileReference; lastKnownFileType = sourcecode.swift; path = NumberPadView.swift; sourceTree = "<group>"; };
		7CEF6C40286B65230013EA3D /* AddBitCoinView.swift */ = {isa = PBXFileReference; lastKnownFileType = sourcecode.swift; path = AddBitCoinView.swift; sourceTree = "<group>"; };
		7CEF6C42286C23C30013EA3D /* AddCashView3.swift */ = {isa = PBXFileReference; lastKnownFileType = sourcecode.swift; path = AddCashView3.swift; sourceTree = "<group>"; };
		7CF8ED0228FA93DC00D688A0 /* BackgroundView.swift */ = {isa = PBXFileReference; lastKnownFileType = sourcecode.swift; path = BackgroundView.swift; sourceTree = "<group>"; };
		7CFB99DF28DE4B6B0049EA78 /* AddAssetView.swift */ = {isa = PBXFileReference; lastKnownFileType = sourcecode.swift; path = AddAssetView.swift; sourceTree = "<group>"; };
		7CFB99E328DE71150049EA78 /* Info.plist */ = {isa = PBXFileReference; lastKnownFileType = text.plist; path = Info.plist; sourceTree = "<group>"; };
		7CFB9A0628E5E3A00049EA78 /* jarCreated.wav */ = {isa = PBXFileReference; lastKnownFileType = audio.wav; path = jarCreated.wav; sourceTree = "<group>"; };
		7CFB9A0828E5E6A30049EA78 /* success.wav */ = {isa = PBXFileReference; lastKnownFileType = audio.wav; path = success.wav; sourceTree = "<group>"; };
		7CFDDB7F28FFF979000A22E7 /* SelectBaseCurrency.swift */ = {isa = PBXFileReference; lastKnownFileType = sourcecode.swift; path = SelectBaseCurrency.swift; sourceTree = "<group>"; };
/* End PBXFileReference section */

/* Begin PBXFrameworksBuildPhase section */
		7CBAF315288E67F200BD8BC9 /* Frameworks */ = {
			isa = PBXFrameworksBuildPhase;
			buildActionMask = 2147483647;
			files = (
			);
			runOnlyForDeploymentPostprocessing = 0;
		};
		7CEC2A46283547F5007A1897 /* Frameworks */ = {
			isa = PBXFrameworksBuildPhase;
			buildActionMask = 2147483647;
			files = (
				7CFB9A0C28E6C49E0049EA78 /* Subsonic in Frameworks */,
				7CEC2A6028365CDA007A1897 /* SwiftUIPager in Frameworks */,
			);
			runOnlyForDeploymentPostprocessing = 0;
		};
/* End PBXFrameworksBuildPhase section */

/* Begin PBXGroup section */
		7C06ED2A290E4FE400C2EF09 /* Navigation */ = {
			isa = PBXGroup;
			children = (
				7C1D099A28AE9F0500C82211 /* TabBarView.swift */,
			);
			path = Navigation;
			sourceTree = "<group>";
		};
		7C06ED2B290E6AC500C2EF09 /* Onboarding */ = {
			isa = PBXGroup;
			children = (
				7CDA98FE285E6C8300EDCF42 /* WelcomeToJar.swift */,
				7CDA9900285E774400EDCF42 /* ConfigureJar.swift */,
				7CEF02BD285F3F7D0009A82E /* SetAmount.swift */,
			);
			path = Onboarding;
			sourceTree = "<group>";
		};
		7C06ED2C290EAD5800C2EF09 /* Exchange API */ = {
			isa = PBXGroup;
			children = (
				7CEF6C28286470340013EA3D /* ForeignExchange.swift */,
				7CEF6C252863971D0013EA3D /* ExchangeClient.swift */,
				7CBAF3522898039700BD8BC9 /* MockExchangeClient.swift */,
				7CBAF35928987E1300BD8BC9 /* ExchangeClientProtocol.swift */,
				7CBAF331289037C900BD8BC9 /* CurrencyConverter.swift */,
			);
			path = "Exchange API";
			sourceTree = "<group>";
		};
		7C0ADA76290C0E7B00206341 /* Assets */ = {
			isa = PBXGroup;
			children = (
				7C0ADA77290C0EC600206341 /* Asset.swift */,
				7C0ADA79290C0F6A00206341 /* Gold.swift */,
				7C0ADA7B290C0FF200206341 /* Gold+GoldType.swift */,
				7C0ADA7D290C10AE00206341 /* Gold+MeasurementUnit.swift */,
				7C0ADA7F290C127A00206341 /* Cash.swift */,
				7C0ADA81290C17A300206341 /* ForeignCurrency.swift */,
				7C0ADA83290C670800206341 /* Crypto.swift */,
				7C0ADA85290C678600206341 /* Crypto+CryptoCurrency.swift */,
			);
			path = Assets;
			sourceTree = "<group>";
		};
		7C0ADA87290C692D00206341 /* Awards */ = {
			isa = PBXGroup;
			children = (
				7CC8FB0328E8A9210032FF3E /* Awards.json */,
				7CDDF60F28ED7C4B00A4B706 /* AwardsManager.swift */,
				7C0ADA88290C6A2B00206341 /* Award.swift */,
				7C0ADA8A290C6AD400206341 /* AwardStatus.swift */,
				7CC8FB0728EB7E520032FF3E /* AwardsView.swift */,
				7CC8FB0B28ED554D0032FF3E /* AwardUnlockedSheet.swift */,
				7CC8FB0528EB254C0032FF3E /* AwardDetails.swift */,
			);
			path = Awards;
			sourceTree = "<group>";
		};
		7C1D099528AD3EE800C82211 /* Sounds */ = {
			isa = PBXGroup;
			children = (
				7CFB9A0828E5E6A30049EA78 /* success.wav */,
				7CC8FB0928EC54D50032FF3E /* upward_confirmation.wav */,
				7C1D099828ADE9D500C82211 /* coins-falling.wav */,
				7CFB9A0628E5E3A00049EA78 /* jarCreated.wav */,
				7C1D099628AD3F0F00C82211 /* coins-sound.wav */,
			);
			path = Sounds;
			sourceTree = "<group>";
		};
		7CA930F228B74ADA00C8286C /* Modifiers */ = {
			isa = PBXGroup;
			children = (
				7CA930F328B74B1300C8286C /* Subtitle.swift */,
				7CA930FD28B8F5E100C8286C /* TextUnderButton.swift */,
				7CA930F928B8A06400C8286C /* JumboMonospacedAmount.swift */,
			);
			path = Modifiers;
			sourceTree = "<group>";
		};
		7CBAF311288E5D2400BD8BC9 /* ViewModel */ = {
			isa = PBXGroup;
			children = (
				7CBAF326288E7CE300BD8BC9 /* ConfigureJarViewModel.swift */,
				7CBAF33A2891798C00BD8BC9 /* SetAmountViewModel.swift */,
			);
			path = ViewModel;
			sourceTree = "<group>";
		};
		7CBAF319288E67F200BD8BC9 /* MoneyJarTests */ = {
			isa = PBXGroup;
			children = (
				7CBAF34D2897AB1500BD8BC9 /* ModelTests.swift */,
				7CBAF3342890856400BD8BC9 /* CurrencyConverterTests.swift */,
				7CBAF31A288E67F200BD8BC9 /* MoneyJarTests.swift */,
				7CBAF32B288EE86000BD8BC9 /* ConfigureJarTests.swift */,
			);
			path = MoneyJarTests;
			sourceTree = "<group>";
		};
		7CBAF33D28965F7C00BD8BC9 /* Components */ = {
			isa = PBXGroup;
			children = (
				7CDA9902285F1BBE00EDCF42 /* LegacyTextField.swift */,
				7CBDCE1E29050D3400D858DA /* MailView.swift */,
				7C0ADA6C2909079100206341 /* UltimateGradientView.swift */,
				7CF8ED0228FA93DC00D688A0 /* BackgroundView.swift */,
				7C0ADA6E290910D600206341 /* CustomProgressView.swift */,
				7CDDF61328EFFB8F00A4B706 /* RollingCounterAnimation.swift */,
				7CA930FB28B8F3D900C8286C /* JarWithCoinsView.swift */,
				7CEA503228AF76D400D33C45 /* TransactionListItem.swift */,
				7CC684D128CA34A60067E26F /* SegmentedPickerGoldMeasurementUnits.swift */,
				7CC684D328CA3C610067E26F /* SegmentedPickerGoldType.swift */,
				7CA930F528B7A12600C8286C /* JarShadow.swift */,
				7CEF6C3E286B4DDE0013EA3D /* NumberPadView.swift */,
				7CEA503628B0AFDE00D33C45 /* EmptyAssetsView.swift */,
				7CBAF33E28965F9300BD8BC9 /* AmountLine.swift */,
				7CA930F728B892FF00C8286C /* JarWithFlag.swift */,
				7CA930EE28B6040F00C8286C /* PrimaryButtonStyle.swift */,
				7CEA503E28B26BFB00D33C45 /* MultiProgressView.swift */,
				7CDA98E2285478E300EDCF42 /* CustomCorner.swift */,
			);
			path = Components;
			sourceTree = "<group>";
		};
		7CBAF35528987DB300BD8BC9 /* Protocols */ = {
			isa = PBXGroup;
			children = (
				7CBAF35628987DDD00BD8BC9 /* StorageControllerProtocol.swift */,
			);
			path = Protocols;
			sourceTree = "<group>";
		};
		7CEC2A40283547F5007A1897 = {
			isa = PBXGroup;
			children = (
				7CEC2A4B283547F5007A1897 /* JarTest */,
				7CBAF319288E67F200BD8BC9 /* MoneyJarTests */,
				7CEC2A4A283547F5007A1897 /* Products */,
			);
			sourceTree = "<group>";
		};
		7CEC2A4A283547F5007A1897 /* Products */ = {
			isa = PBXGroup;
			children = (
				7CEC2A49283547F5007A1897 /* JarTest.app */,
				7CBAF318288E67F200BD8BC9 /* MoneyJarTests.xctest */,
			);
			name = Products;
			sourceTree = "<group>";
		};
		7CEC2A4B283547F5007A1897 /* JarTest */ = {
			isa = PBXGroup;
			children = (
				7C06ED2C290EAD5800C2EF09 /* Exchange API */,
				7CFB99E328DE71150049EA78 /* Info.plist */,
				7CEC2A4C283547F5007A1897 /* JarTestApp.swift */,
				7C06ED2A290E4FE400C2EF09 /* Navigation */,
				7C0ADA76290C0E7B00206341 /* Assets */,
				7C0ADA87290C692D00206341 /* Awards */,
				7CEF6C27286470160013EA3D /* Model */,
				7C06ED2B290E6AC500C2EF09 /* Onboarding */,
				7C1D099528AD3EE800C82211 /* Sounds */,
				7CBAF35528987DB300BD8BC9 /* Protocols */,
				7CEF6C2A2864706E0013EA3D /* Services */,
				7CBAF311288E5D2400BD8BC9 /* ViewModel */,
				7CEF6C2B286470B50013EA3D /* View */,
				7CA930F228B74ADA00C8286C /* Modifiers */,
				7CEF6C2C286470CD0013EA3D /* Extensions */,
				7C0ADA70290A5E8600206341 /* Montserrat */,
				7CEC2A50283547F7007A1897 /* Assets.xcassets */,
				7CEC2A52283547F7007A1897 /* Preview Content */,
			);
			path = JarTest;
			sourceTree = "<group>";
		};
		7CEC2A52283547F7007A1897 /* Preview Content */ = {
			isa = PBXGroup;
			children = (
				7CEC2A53283547F7007A1897 /* Preview Assets.xcassets */,
			);
			path = "Preview Content";
			sourceTree = "<group>";
		};
		7CEF6C27286470160013EA3D /* Model */ = {
			isa = PBXGroup;
			children = (
				7C14CA1E28411D1E00D8E2BB /* JarModel.swift */,
				7CDA98F6285B622600EDCF42 /* Model.swift */,
				7C0ADA8C290C6CDC00206341 /* Account.swift */,
				7CEF6C36286712010013EA3D /* Currency.swift */,
			);
			path = Model;
			sourceTree = "<group>";
		};
		7CEF6C2A2864706E0013EA3D /* Services */ = {
			isa = PBXGroup;
			children = (
				7CDA98F4285B4FFD00EDCF42 /* StorageController.swift */,
				7CDDF61728F4258500A4B706 /* SettingsStore.swift */,
				7C1D099328AD16BF00C82211 /* AudioPlayer.swift */,
				7CBAF34F2898008700BD8BC9 /* MockStorageController.swift */,
			);
			path = Services;
			sourceTree = "<group>";
		};
		7CEF6C2B286470B50013EA3D /* View */ = {
			isa = PBXGroup;
			children = (
				7CDDF61128EF0C1E00A4B706 /* Launch Screen.storyboard */,
				7CBDCE1A29017DB500D858DA /* ChangeAmountView.swift */,
				7CEC2A4E283547F5007A1897 /* HomeView.swift */,
				7C1D099C28AEA01500C82211 /* AllAssetsView.swift */,
				7CB0E81728CDD05900E87A6D /* SelectAssetTypeView.swift */,
				7CC751EF28C74C5200DBAF62 /* PortfolioView.swift */,
				7C1D099E28AEA22F00C82211 /* SettingsView.swift */,
				7CBDCE202906F09A00D858DA /* CreditsView.swift */,
				7CFDDB7F28FFF979000A22E7 /* SelectBaseCurrency.swift */,
				7CDDF61528F1498B00A4B706 /* ChangeJarNameView.swift */,
				7CBDCE1C2901C33E00D858DA /* SettingsChangeResultView.swift */,
				7CC1EB62287496300022139C /* AddGoldView2.swift */,
				7CEF6C40286B65230013EA3D /* AddBitCoinView.swift */,
				7CEF6C42286C23C30013EA3D /* AddCashView3.swift */,
				7CFB99DF28DE4B6B0049EA78 /* AddAssetView.swift */,
				7CEF6C3C2868637F0013EA3D /* AddResultView.swift */,
				7CBAF33D28965F7C00BD8BC9 /* Components */,
			);
			path = View;
			sourceTree = "<group>";
		};
		7CEF6C2C286470CD0013EA3D /* Extensions */ = {
			isa = PBXGroup;
			children = (
				7CEF6C212861E22C0013EA3D /* Double+extension.swift */,
				7C0ADA74290A668E00206341 /* Font+extension.swift */,
				7CBDCE222906F2C500D858DA /* Bundle+extension.swift */,
				7CC751EB28C6534600DBAF62 /* String+extension.swift */,
				7CEA503428AFC7AB00D33C45 /* Date+extension.swift */,
				7CC751E528C2793700DBAF62 /* NSAttributedString+extension.swift */,
				7CA930F028B6048100C8286C /* Color+extension.swift */,
			);
			path = Extensions;
			sourceTree = "<group>";
		};
/* End PBXGroup section */

/* Begin PBXNativeTarget section */
		7CBAF317288E67F200BD8BC9 /* MoneyJarTests */ = {
			isa = PBXNativeTarget;
			buildConfigurationList = 7CBAF31E288E67F200BD8BC9 /* Build configuration list for PBXNativeTarget "MoneyJarTests" */;
			buildPhases = (
				7CBAF314288E67F200BD8BC9 /* Sources */,
				7CBAF315288E67F200BD8BC9 /* Frameworks */,
				7CBAF316288E67F200BD8BC9 /* Resources */,
			);
			buildRules = (
			);
			dependencies = (
				7CBAF31D288E67F200BD8BC9 /* PBXTargetDependency */,
			);
			name = MoneyJarTests;
			productName = MoneyJarTests;
			productReference = 7CBAF318288E67F200BD8BC9 /* MoneyJarTests.xctest */;
			productType = "com.apple.product-type.bundle.unit-test";
		};
		7CEC2A48283547F5007A1897 /* JarTest */ = {
			isa = PBXNativeTarget;
			buildConfigurationList = 7CEC2A57283547F7007A1897 /* Build configuration list for PBXNativeTarget "JarTest" */;
			buildPhases = (
				7CEC2A45283547F5007A1897 /* Sources */,
				7CEC2A46283547F5007A1897 /* Frameworks */,
				7CEC2A47283547F5007A1897 /* Resources */,
			);
			buildRules = (
			);
			dependencies = (
			);
			name = JarTest;
			packageProductDependencies = (
				7CEC2A5F28365CDA007A1897 /* SwiftUIPager */,
				7CFB9A0B28E6C49E0049EA78 /* Subsonic */,
			);
			productName = JarTest;
			productReference = 7CEC2A49283547F5007A1897 /* JarTest.app */;
			productType = "com.apple.product-type.application";
		};
/* End PBXNativeTarget section */

/* Begin PBXProject section */
		7CEC2A41283547F5007A1897 /* Project object */ = {
			isa = PBXProject;
			attributes = {
				BuildIndependentTargetsInParallel = 1;
				LastSwiftUpdateCheck = 1340;
				LastUpgradeCheck = 1310;
				TargetAttributes = {
					7CBAF317288E67F200BD8BC9 = {
						CreatedOnToolsVersion = 13.4;
						TestTargetID = 7CEC2A48283547F5007A1897;
					};
					7CEC2A48283547F5007A1897 = {
						CreatedOnToolsVersion = 13.1;
					};
				};
			};
			buildConfigurationList = 7CEC2A44283547F5007A1897 /* Build configuration list for PBXProject "JarTest" */;
			compatibilityVersion = "Xcode 13.0";
			developmentRegion = en;
			hasScannedForEncodings = 0;
			knownRegions = (
				en,
				Base,
			);
			mainGroup = 7CEC2A40283547F5007A1897;
			packageReferences = (
				7CEC2A5E28365CDA007A1897 /* XCRemoteSwiftPackageReference "SwiftUIPager" */,
				7CFB9A0A28E6C49E0049EA78 /* XCRemoteSwiftPackageReference "Subsonic" */,
			);
			productRefGroup = 7CEC2A4A283547F5007A1897 /* Products */;
			projectDirPath = "";
			projectRoot = "";
			targets = (
				7CEC2A48283547F5007A1897 /* JarTest */,
				7CBAF317288E67F200BD8BC9 /* MoneyJarTests */,
			);
		};
/* End PBXProject section */

/* Begin PBXResourcesBuildPhase section */
		7CBAF316288E67F200BD8BC9 /* Resources */ = {
			isa = PBXResourcesBuildPhase;
			buildActionMask = 2147483647;
			files = (
			);
			runOnlyForDeploymentPostprocessing = 0;
		};
		7CEC2A47283547F5007A1897 /* Resources */ = {
			isa = PBXResourcesBuildPhase;
			buildActionMask = 2147483647;
			files = (
				7C0ADA71290A5E8600206341 /* Montserrat in Resources */,
				7CFB9A0928E5E6A30049EA78 /* success.wav in Resources */,
				7CC8FB0428E8A9210032FF3E /* Awards.json in Resources */,
				7CEC2A54283547F7007A1897 /* Preview Assets.xcassets in Resources */,
				7C1D099928ADE9D500C82211 /* coins-falling.wav in Resources */,
				7C1D099728AD3F0F00C82211 /* coins-sound.wav in Resources */,
				7CFB9A0728E5E3A10049EA78 /* jarCreated.wav in Resources */,
				7CDDF61228EF0C1E00A4B706 /* Launch Screen.storyboard in Resources */,
				7CC8FB0A28EC54D50032FF3E /* upward_confirmation.wav in Resources */,
				7CEC2A51283547F7007A1897 /* Assets.xcassets in Resources */,
			);
			runOnlyForDeploymentPostprocessing = 0;
		};
/* End PBXResourcesBuildPhase section */

/* Begin PBXSourcesBuildPhase section */
		7CBAF314288E67F200BD8BC9 /* Sources */ = {
			isa = PBXSourcesBuildPhase;
			buildActionMask = 2147483647;
			files = (
				7CBAF333289037CA00BD8BC9 /* CurrencyConverter.swift in Sources */,
				7CBAF3512898008700BD8BC9 /* MockStorageController.swift in Sources */,
				7CBAF32A288EE3BC00BD8BC9 /* Double+extension.swift in Sources */,
				7CBAF32D288EE86000BD8BC9 /* ConfigureJarTests.swift in Sources */,
				7CBAF3472896DEB900BD8BC9 /* NumberPadView.swift in Sources */,
				7CBAF336289110E200BD8BC9 /* Model.swift in Sources */,
				7CBAF3462896DEAF00BD8BC9 /* LegacyTextField.swift in Sources */,
				7CBAF35B28987E1300BD8BC9 /* ExchangeClientProtocol.swift in Sources */,
				7CBAF3382891126900BD8BC9 /* ExchangeClient.swift in Sources */,
				7CBAF35828987DDE00BD8BC9 /* StorageControllerProtocol.swift in Sources */,
				7CBAF34028965F9300BD8BC9 /* AmountLine.swift in Sources */,
				7CBAF328288E7CE300BD8BC9 /* ConfigureJarViewModel.swift in Sources */,
				7CBAF3392891129800BD8BC9 /* ForeignExchange.swift in Sources */,
				7CBAF3352890856500BD8BC9 /* CurrencyConverterTests.swift in Sources */,
				7CBAF31B288E67F200BD8BC9 /* MoneyJarTests.swift in Sources */,
				7CBAF329288EE38A00BD8BC9 /* JarModel.swift in Sources */,
				7CBAF33C2891798C00BD8BC9 /* SetAmountViewModel.swift in Sources */,
				7CBAF3372891126500BD8BC9 /* StorageController.swift in Sources */,
				7CBAF34E2897AB1600BD8BC9 /* ModelTests.swift in Sources */,
				7CBAF3542898039700BD8BC9 /* MockExchangeClient.swift in Sources */,
			);
			runOnlyForDeploymentPostprocessing = 0;
		};
		7CEC2A45283547F5007A1897 /* Sources */ = {
			isa = PBXSourcesBuildPhase;
			buildActionMask = 2147483647;
			files = (
				7C0ADA82290C17A300206341 /* ForeignCurrency.swift in Sources */,
				7CDA98FF285E6C8300EDCF42 /* WelcomeToJar.swift in Sources */,
				7CB0E81828CDD05900E87A6D /* SelectAssetTypeView.swift in Sources */,
				7CEF6C3D2868637F0013EA3D /* AddResultView.swift in Sources */,
				7CEF6C3F286B4DDE0013EA3D /* NumberPadView.swift in Sources */,
				7CEA503728B0AFDE00D33C45 /* EmptyAssetsView.swift in Sources */,
				7CBAF33F28965F9300BD8BC9 /* AmountLine.swift in Sources */,
				7CDDF61628F1498B00A4B706 /* ChangeJarNameView.swift in Sources */,
				7CC1EB63287496300022139C /* AddGoldView2.swift in Sources */,
				7CEF6C262863971D0013EA3D /* ExchangeClient.swift in Sources */,
				7CBDCE1B29017DB500D858DA /* ChangeAmountView.swift in Sources */,
				7C0ADA78290C0EC600206341 /* Asset.swift in Sources */,
				7CBAF3532898039700BD8BC9 /* MockExchangeClient.swift in Sources */,
				7CDDF61428EFFB8F00A4B706 /* RollingCounterAnimation.swift in Sources */,
				7C1D099B28AE9F0500C82211 /* TabBarView.swift in Sources */,
				7CA930FE28B8F5E200C8286C /* TextUnderButton.swift in Sources */,
				7CEF02BE285F3F7D0009A82E /* SetAmount.swift in Sources */,
				7C1D099428AD16BF00C82211 /* AudioPlayer.swift in Sources */,
				7CBDCE212906F09A00D858DA /* CreditsView.swift in Sources */,
				7CDA9903285F1BBF00EDCF42 /* LegacyTextField.swift in Sources */,
				7CEC2A4F283547F5007A1897 /* HomeView.swift in Sources */,
				7CC684D428CA3C610067E26F /* SegmentedPickerGoldType.swift in Sources */,
				7C1D099D28AEA01500C82211 /* AllAssetsView.swift in Sources */,
				7CDA98F7285B622600EDCF42 /* Model.swift in Sources */,
				7CEA503F28B26BFB00D33C45 /* MultiProgressView.swift in Sources */,
				7C0ADA86290C678600206341 /* Crypto+CryptoCurrency.swift in Sources */,
				7C0ADA7C290C0FF200206341 /* Gold+GoldType.swift in Sources */,
				7CBAF35728987DDD00BD8BC9 /* StorageControllerProtocol.swift in Sources */,
				7CEA503528AFC7AB00D33C45 /* Date+extension.swift in Sources */,
				7CEC2A4D283547F5007A1897 /* JarTestApp.swift in Sources */,
				7CC8FB0C28ED554D0032FF3E /* AwardUnlockedSheet.swift in Sources */,
				7C0ADA8B290C6AD400206341 /* AwardStatus.swift in Sources */,
				7CBDCE1F29050D3400D858DA /* MailView.swift in Sources */,
				7CA930F428B74B1300C8286C /* Subtitle.swift in Sources */,
				7CA930F828B892FF00C8286C /* JarWithFlag.swift in Sources */,
				7C0ADA84290C670800206341 /* Crypto.swift in Sources */,
				7CDA98E3285478E300EDCF42 /* CustomCorner.swift in Sources */,
				7C0ADA6F290910D600206341 /* CustomProgressView.swift in Sources */,
				7CA930F128B6048100C8286C /* Color+extension.swift in Sources */,
				7CA930F628B7A12600C8286C /* JarShadow.swift in Sources */,
				7CC8FB0628EB254C0032FF3E /* AwardDetails.swift in Sources */,
				7CEF6C37286712010013EA3D /* Currency.swift in Sources */,
				7CA930EF28B6040F00C8286C /* PrimaryButtonStyle.swift in Sources */,
				7C0ADA7E290C10AE00206341 /* Gold+MeasurementUnit.swift in Sources */,
				7CC751F028C74C5200DBAF62 /* PortfolioView.swift in Sources */,
				7CBAF332289037C900BD8BC9 /* CurrencyConverter.swift in Sources */,
				7C0ADA80290C127A00206341 /* Cash.swift in Sources */,
				7C14CA1F28411D1E00D8E2BB /* JarModel.swift in Sources */,
				7CEF6C222861E22C0013EA3D /* Double+extension.swift in Sources */,
				7CC751E628C2793800DBAF62 /* NSAttributedString+extension.swift in Sources */,
				7CEA503328AF76D400D33C45 /* TransactionListItem.swift in Sources */,
				7CFDDB8028FFF979000A22E7 /* SelectBaseCurrency.swift in Sources */,
				7CBDCE232906F2C500D858DA /* Bundle+extension.swift in Sources */,
				7CC751EC28C6534600DBAF62 /* String+extension.swift in Sources */,
				7CBAF3502898008700BD8BC9 /* MockStorageController.swift in Sources */,
				7C1D099F28AEA22F00C82211 /* SettingsView.swift in Sources */,
				7CBAF327288E7CE300BD8BC9 /* ConfigureJarViewModel.swift in Sources */,
				7C0ADA89290C6A2B00206341 /* Award.swift in Sources */,
				7CBAF35A28987E1300BD8BC9 /* ExchangeClientProtocol.swift in Sources */,
				7CDDF61828F4258500A4B706 /* SettingsStore.swift in Sources */,
				7CEF6C41286B65230013EA3D /* AddBitCoinView.swift in Sources */,
				7CDA9901285E774500EDCF42 /* ConfigureJar.swift in Sources */,
				7CEF6C29286470340013EA3D /* ForeignExchange.swift in Sources */,
				7C0ADA7A290C0F6A00206341 /* Gold.swift in Sources */,
				7CBAF33B2891798C00BD8BC9 /* SetAmountViewModel.swift in Sources */,
				7C0ADA8D290C6CDC00206341 /* Account.swift in Sources */,
				7C0ADA75290A668E00206341 /* Font+extension.swift in Sources */,
				7CEF6C43286C23C30013EA3D /* AddCashView3.swift in Sources */,
				7C0ADA6D2909079100206341 /* UltimateGradientView.swift in Sources */,
				7CF8ED0328FA93DC00D688A0 /* BackgroundView.swift in Sources */,
				7CDDF61028ED7C4B00A4B706 /* AwardsManager.swift in Sources */,
				7CBDCE1D2901C33E00D858DA /* SettingsChangeResultView.swift in Sources */,
				7CA930FA28B8A06400C8286C /* JumboMonospacedAmount.swift in Sources */,
				7CC684D228CA34A60067E26F /* SegmentedPickerGoldMeasurementUnits.swift in Sources */,
				7CDA98F5285B4FFD00EDCF42 /* StorageController.swift in Sources */,
				7CFB99E028DE4B6B0049EA78 /* AddAssetView.swift in Sources */,
				7CA930FC28B8F3D900C8286C /* JarWithCoinsView.swift in Sources */,
				7CC8FB0828EB7E520032FF3E /* AwardsView.swift in Sources */,
			);
			runOnlyForDeploymentPostprocessing = 0;
		};
/* End PBXSourcesBuildPhase section */

/* Begin PBXTargetDependency section */
		7CBAF31D288E67F200BD8BC9 /* PBXTargetDependency */ = {
			isa = PBXTargetDependency;
			target = 7CEC2A48283547F5007A1897 /* JarTest */;
			targetProxy = 7CBAF31C288E67F200BD8BC9 /* PBXContainerItemProxy */;
		};
/* End PBXTargetDependency section */

/* Begin XCBuildConfiguration section */
		7CBAF31F288E67F200BD8BC9 /* Debug */ = {
			isa = XCBuildConfiguration;
			buildSettings = {
				BUNDLE_LOADER = "$(TEST_HOST)";
				CODE_SIGN_STYLE = Automatic;
				CURRENT_PROJECT_VERSION = 1;
				DEVELOPMENT_TEAM = 7UQ7Z257NM;
				GENERATE_INFOPLIST_FILE = YES;
				IPHONEOS_DEPLOYMENT_TARGET = 16.0;
				MARKETING_VERSION = 1.0;
				PRODUCT_BUNDLE_IDENTIFIER = com.OlehTitov.MoneyJarTests;
				PRODUCT_NAME = "$(TARGET_NAME)";
				SWIFT_EMIT_LOC_STRINGS = NO;
				SWIFT_VERSION = 5.0;
				TARGETED_DEVICE_FAMILY = "1,2";
				TEST_HOST = "$(BUILT_PRODUCTS_DIR)/JarTest.app/JarTest";
			};
			name = Debug;
		};
		7CBAF320288E67F200BD8BC9 /* Release */ = {
			isa = XCBuildConfiguration;
			buildSettings = {
				BUNDLE_LOADER = "$(TEST_HOST)";
				CODE_SIGN_STYLE = Automatic;
				CURRENT_PROJECT_VERSION = 1;
				DEVELOPMENT_TEAM = 7UQ7Z257NM;
				GENERATE_INFOPLIST_FILE = YES;
				IPHONEOS_DEPLOYMENT_TARGET = 16.0;
				MARKETING_VERSION = 1.0;
				PRODUCT_BUNDLE_IDENTIFIER = com.OlehTitov.MoneyJarTests;
				PRODUCT_NAME = "$(TARGET_NAME)";
				SWIFT_EMIT_LOC_STRINGS = NO;
				SWIFT_VERSION = 5.0;
				TARGETED_DEVICE_FAMILY = "1,2";
				TEST_HOST = "$(BUILT_PRODUCTS_DIR)/JarTest.app/JarTest";
			};
			name = Release;
		};
		7CEC2A55283547F7007A1897 /* Debug */ = {
			isa = XCBuildConfiguration;
			buildSettings = {
				ALWAYS_SEARCH_USER_PATHS = NO;
				CLANG_ANALYZER_NONNULL = YES;
				CLANG_ANALYZER_NUMBER_OBJECT_CONVERSION = YES_AGGRESSIVE;
				CLANG_CXX_LANGUAGE_STANDARD = "gnu++17";
				CLANG_CXX_LIBRARY = "libc++";
				CLANG_ENABLE_MODULES = YES;
				CLANG_ENABLE_OBJC_ARC = YES;
				CLANG_ENABLE_OBJC_WEAK = YES;
				CLANG_WARN_BLOCK_CAPTURE_AUTORELEASING = YES;
				CLANG_WARN_BOOL_CONVERSION = YES;
				CLANG_WARN_COMMA = YES;
				CLANG_WARN_CONSTANT_CONVERSION = YES;
				CLANG_WARN_DEPRECATED_OBJC_IMPLEMENTATIONS = YES;
				CLANG_WARN_DIRECT_OBJC_ISA_USAGE = YES_ERROR;
				CLANG_WARN_DOCUMENTATION_COMMENTS = YES;
				CLANG_WARN_EMPTY_BODY = YES;
				CLANG_WARN_ENUM_CONVERSION = YES;
				CLANG_WARN_INFINITE_RECURSION = YES;
				CLANG_WARN_INT_CONVERSION = YES;
				CLANG_WARN_NON_LITERAL_NULL_CONVERSION = YES;
				CLANG_WARN_OBJC_IMPLICIT_RETAIN_SELF = YES;
				CLANG_WARN_OBJC_LITERAL_CONVERSION = YES;
				CLANG_WARN_OBJC_ROOT_CLASS = YES_ERROR;
				CLANG_WARN_QUOTED_INCLUDE_IN_FRAMEWORK_HEADER = YES;
				CLANG_WARN_RANGE_LOOP_ANALYSIS = YES;
				CLANG_WARN_STRICT_PROTOTYPES = YES;
				CLANG_WARN_SUSPICIOUS_MOVE = YES;
				CLANG_WARN_UNGUARDED_AVAILABILITY = YES_AGGRESSIVE;
				CLANG_WARN_UNREACHABLE_CODE = YES;
				CLANG_WARN__DUPLICATE_METHOD_MATCH = YES;
				COPY_PHASE_STRIP = NO;
				DEBUG_INFORMATION_FORMAT = dwarf;
				ENABLE_STRICT_OBJC_MSGSEND = YES;
				ENABLE_TESTABILITY = YES;
				GCC_C_LANGUAGE_STANDARD = gnu11;
				GCC_DYNAMIC_NO_PIC = NO;
				GCC_NO_COMMON_BLOCKS = YES;
				GCC_OPTIMIZATION_LEVEL = 0;
				GCC_PREPROCESSOR_DEFINITIONS = (
					"DEBUG=1",
					"$(inherited)",
				);
				GCC_WARN_64_TO_32_BIT_CONVERSION = YES;
				GCC_WARN_ABOUT_RETURN_TYPE = YES_ERROR;
				GCC_WARN_UNDECLARED_SELECTOR = YES;
				GCC_WARN_UNINITIALIZED_AUTOS = YES_AGGRESSIVE;
				GCC_WARN_UNUSED_FUNCTION = YES;
				GCC_WARN_UNUSED_VARIABLE = YES;
				IPHONEOS_DEPLOYMENT_TARGET = 16.0;
				MTL_ENABLE_DEBUG_INFO = INCLUDE_SOURCE;
				MTL_FAST_MATH = YES;
				ONLY_ACTIVE_ARCH = YES;
				SDKROOT = iphoneos;
				SWIFT_ACTIVE_COMPILATION_CONDITIONS = DEBUG;
				SWIFT_OPTIMIZATION_LEVEL = "-Onone";
			};
			name = Debug;
		};
		7CEC2A56283547F7007A1897 /* Release */ = {
			isa = XCBuildConfiguration;
			buildSettings = {
				ALWAYS_SEARCH_USER_PATHS = NO;
				CLANG_ANALYZER_NONNULL = YES;
				CLANG_ANALYZER_NUMBER_OBJECT_CONVERSION = YES_AGGRESSIVE;
				CLANG_CXX_LANGUAGE_STANDARD = "gnu++17";
				CLANG_CXX_LIBRARY = "libc++";
				CLANG_ENABLE_MODULES = YES;
				CLANG_ENABLE_OBJC_ARC = YES;
				CLANG_ENABLE_OBJC_WEAK = YES;
				CLANG_WARN_BLOCK_CAPTURE_AUTORELEASING = YES;
				CLANG_WARN_BOOL_CONVERSION = YES;
				CLANG_WARN_COMMA = YES;
				CLANG_WARN_CONSTANT_CONVERSION = YES;
				CLANG_WARN_DEPRECATED_OBJC_IMPLEMENTATIONS = YES;
				CLANG_WARN_DIRECT_OBJC_ISA_USAGE = YES_ERROR;
				CLANG_WARN_DOCUMENTATION_COMMENTS = YES;
				CLANG_WARN_EMPTY_BODY = YES;
				CLANG_WARN_ENUM_CONVERSION = YES;
				CLANG_WARN_INFINITE_RECURSION = YES;
				CLANG_WARN_INT_CONVERSION = YES;
				CLANG_WARN_NON_LITERAL_NULL_CONVERSION = YES;
				CLANG_WARN_OBJC_IMPLICIT_RETAIN_SELF = YES;
				CLANG_WARN_OBJC_LITERAL_CONVERSION = YES;
				CLANG_WARN_OBJC_ROOT_CLASS = YES_ERROR;
				CLANG_WARN_QUOTED_INCLUDE_IN_FRAMEWORK_HEADER = YES;
				CLANG_WARN_RANGE_LOOP_ANALYSIS = YES;
				CLANG_WARN_STRICT_PROTOTYPES = YES;
				CLANG_WARN_SUSPICIOUS_MOVE = YES;
				CLANG_WARN_UNGUARDED_AVAILABILITY = YES_AGGRESSIVE;
				CLANG_WARN_UNREACHABLE_CODE = YES;
				CLANG_WARN__DUPLICATE_METHOD_MATCH = YES;
				COPY_PHASE_STRIP = NO;
				DEBUG_INFORMATION_FORMAT = "dwarf-with-dsym";
				ENABLE_NS_ASSERTIONS = NO;
				ENABLE_STRICT_OBJC_MSGSEND = YES;
				GCC_C_LANGUAGE_STANDARD = gnu11;
				GCC_NO_COMMON_BLOCKS = YES;
				GCC_WARN_64_TO_32_BIT_CONVERSION = YES;
				GCC_WARN_ABOUT_RETURN_TYPE = YES_ERROR;
				GCC_WARN_UNDECLARED_SELECTOR = YES;
				GCC_WARN_UNINITIALIZED_AUTOS = YES_AGGRESSIVE;
				GCC_WARN_UNUSED_FUNCTION = YES;
				GCC_WARN_UNUSED_VARIABLE = YES;
				IPHONEOS_DEPLOYMENT_TARGET = 16.0;
				MTL_ENABLE_DEBUG_INFO = NO;
				MTL_FAST_MATH = YES;
				SDKROOT = iphoneos;
				SWIFT_COMPILATION_MODE = wholemodule;
				SWIFT_OPTIMIZATION_LEVEL = "-O";
				VALIDATE_PRODUCT = YES;
			};
			name = Release;
		};
		7CEC2A58283547F7007A1897 /* Debug */ = {
			isa = XCBuildConfiguration;
			buildSettings = {
				ASSETCATALOG_COMPILER_APPICON_NAME = AppIcon;
				ASSETCATALOG_COMPILER_GLOBAL_ACCENT_COLOR_NAME = AccentColor;
				CODE_SIGN_STYLE = Automatic;
				CURRENT_PROJECT_VERSION = 1;
				DEVELOPMENT_ASSET_PATHS = "\"JarTest/Preview Content\"";
				DEVELOPMENT_TEAM = 7UQ7Z257NM;
				ENABLE_PREVIEWS = YES;
				GENERATE_INFOPLIST_FILE = YES;
				INFOPLIST_FILE = JarTest/Info.plist;
				INFOPLIST_KEY_UIApplicationSceneManifest_Generation = YES;
				INFOPLIST_KEY_UIApplicationSupportsIndirectInputEvents = YES;
				INFOPLIST_KEY_UILaunchStoryboardName = "Launch Screen.storyboard";
				INFOPLIST_KEY_UISupportedInterfaceOrientations_iPad = "UIInterfaceOrientationPortrait UIInterfaceOrientationPortraitUpsideDown UIInterfaceOrientationLandscapeLeft UIInterfaceOrientationLandscapeRight";
				INFOPLIST_KEY_UISupportedInterfaceOrientations_iPhone = UIInterfaceOrientationPortrait;
				IPHONEOS_DEPLOYMENT_TARGET = 16.0;
				LD_RUNPATH_SEARCH_PATHS = (
					"$(inherited)",
					"@executable_path/Frameworks",
				);
				MARKETING_VERSION = 1.0;
				PRODUCT_BUNDLE_IDENTIFIER = com.OlehTitov.JarTest;
				PRODUCT_NAME = "$(TARGET_NAME)";
				SWIFT_EMIT_LOC_STRINGS = YES;
				SWIFT_VERSION = 5.0;
				TARGETED_DEVICE_FAMILY = "1,2";
			};
			name = Debug;
		};
		7CEC2A59283547F7007A1897 /* Release */ = {
			isa = XCBuildConfiguration;
			buildSettings = {
				ASSETCATALOG_COMPILER_APPICON_NAME = AppIcon;
				ASSETCATALOG_COMPILER_GLOBAL_ACCENT_COLOR_NAME = AccentColor;
				CODE_SIGN_STYLE = Automatic;
				CURRENT_PROJECT_VERSION = 1;
				DEVELOPMENT_ASSET_PATHS = "\"JarTest/Preview Content\"";
				DEVELOPMENT_TEAM = 7UQ7Z257NM;
				ENABLE_PREVIEWS = YES;
				GENERATE_INFOPLIST_FILE = YES;
				INFOPLIST_FILE = JarTest/Info.plist;
				INFOPLIST_KEY_UIApplicationSceneManifest_Generation = YES;
				INFOPLIST_KEY_UIApplicationSupportsIndirectInputEvents = YES;
				INFOPLIST_KEY_UILaunchStoryboardName = "Launch Screen.storyboard";
				INFOPLIST_KEY_UISupportedInterfaceOrientations_iPad = "UIInterfaceOrientationPortrait UIInterfaceOrientationPortraitUpsideDown UIInterfaceOrientationLandscapeLeft UIInterfaceOrientationLandscapeRight";
				INFOPLIST_KEY_UISupportedInterfaceOrientations_iPhone = UIInterfaceOrientationPortrait;
				IPHONEOS_DEPLOYMENT_TARGET = 16.0;
				LD_RUNPATH_SEARCH_PATHS = (
					"$(inherited)",
					"@executable_path/Frameworks",
				);
				MARKETING_VERSION = 1.0;
				PRODUCT_BUNDLE_IDENTIFIER = com.OlehTitov.JarTest;
				PRODUCT_NAME = "$(TARGET_NAME)";
				SWIFT_EMIT_LOC_STRINGS = YES;
				SWIFT_VERSION = 5.0;
				TARGETED_DEVICE_FAMILY = "1,2";
			};
			name = Release;
		};
/* End XCBuildConfiguration section */

/* Begin XCConfigurationList section */
		7CBAF31E288E67F200BD8BC9 /* Build configuration list for PBXNativeTarget "MoneyJarTests" */ = {
			isa = XCConfigurationList;
			buildConfigurations = (
				7CBAF31F288E67F200BD8BC9 /* Debug */,
				7CBAF320288E67F200BD8BC9 /* Release */,
			);
			defaultConfigurationIsVisible = 0;
			defaultConfigurationName = Release;
		};
		7CEC2A44283547F5007A1897 /* Build configuration list for PBXProject "JarTest" */ = {
			isa = XCConfigurationList;
			buildConfigurations = (
				7CEC2A55283547F7007A1897 /* Debug */,
				7CEC2A56283547F7007A1897 /* Release */,
			);
			defaultConfigurationIsVisible = 0;
			defaultConfigurationName = Release;
		};
		7CEC2A57283547F7007A1897 /* Build configuration list for PBXNativeTarget "JarTest" */ = {
			isa = XCConfigurationList;
			buildConfigurations = (
				7CEC2A58283547F7007A1897 /* Debug */,
				7CEC2A59283547F7007A1897 /* Release */,
			);
			defaultConfigurationIsVisible = 0;
			defaultConfigurationName = Release;
		};
/* End XCConfigurationList section */

/* Begin XCRemoteSwiftPackageReference section */
		7CEC2A5E28365CDA007A1897 /* XCRemoteSwiftPackageReference "SwiftUIPager" */ = {
			isa = XCRemoteSwiftPackageReference;
			repositoryURL = "https://github.com/fermoya/SwiftUIPager.git";
			requirement = {
				kind = upToNextMajorVersion;
				minimumVersion = 2.0.0;
			};
		};
		7CFB9A0A28E6C49E0049EA78 /* XCRemoteSwiftPackageReference "Subsonic" */ = {
			isa = XCRemoteSwiftPackageReference;
			repositoryURL = "https://github.com/twostraws/Subsonic";
			requirement = {
				kind = upToNextMajorVersion;
				minimumVersion = 0.2.0;
			};
		};
/* End XCRemoteSwiftPackageReference section */

/* Begin XCSwiftPackageProductDependency section */
		7CEC2A5F28365CDA007A1897 /* SwiftUIPager */ = {
			isa = XCSwiftPackageProductDependency;
			package = 7CEC2A5E28365CDA007A1897 /* XCRemoteSwiftPackageReference "SwiftUIPager" */;
			productName = SwiftUIPager;
		};
		7CFB9A0B28E6C49E0049EA78 /* Subsonic */ = {
			isa = XCSwiftPackageProductDependency;
			package = 7CFB9A0A28E6C49E0049EA78 /* XCRemoteSwiftPackageReference "Subsonic" */;
			productName = Subsonic;
		};
/* End XCSwiftPackageProductDependency section */
	};
	rootObject = 7CEC2A41283547F5007A1897 /* Project object */;
}
